version = 1
revision = 3
requires-python = ">=3.11"

[[package]]
name = "confluent-kafka"
version = "2.4.0"
source = { registry = "https://pypi.org/simple" }
sdist = { url = "https://files.pythonhosted.org/packages/a7/ea/514e45f106979862aaba3d70098115b2aa991a456dbbc8da7c43633aeb21/confluent-kafka-2.4.0.tar.gz", hash = "sha256:201c6182304c5864c8a1b1aae2f99bf51fa332017abbec05a3a1fb2ff242c41d", size = 134820, upload-time = "2024-05-07T16:28:27.417Z" }
wheels = [
    { url = "https://files.pythonhosted.org/packages/e3/ee/47114c940f5bd35fbb8a7a9f986d69c1b20fc7a419ec6ff70ee23095b023/confluent_kafka-2.4.0-cp311-cp311-macosx_10_9_x86_64.whl", hash = "sha256:a28bf5b59f28e3357d113cc8c50ba09389dcc3327ca13cc502e9c3228f2ab5dc", size = 3293343, upload-time = "2024-05-07T16:26:58.233Z" },
    { url = "https://files.pythonhosted.org/packages/97/fa/aa27a6c798a5ef48b236e5d7c246826f40f453cb661f29923a54696334ea/confluent_kafka-2.4.0-cp311-cp311-macosx_11_0_arm64.whl", hash = "sha256:506c867d987ab78494fc94ec6a966ddcb3ce3cb75809e098060d654d280281e0", size = 2831640, upload-time = "2024-05-07T16:27:00.265Z" },
    { url = "https://files.pythonhosted.org/packages/75/5f/52a7d4422b8f63c7404847403aacb08debba8d1b48a0abbbd417ec627e02/confluent_kafka-2.4.0-cp311-cp311-manylinux_2_17_x86_64.manylinux2014_x86_64.whl", hash = "sha256:3b02cd0eb338a8dc5db0ea07243bbf457670655a3846732f81a091b8e3d5d456", size = 4052918, upload-time = "2024-05-07T16:27:04.025Z" },
    { url = "https://files.pythonhosted.org/packages/b1/a6/fdba7eb0703cb0fd2957ec76a97a4e107f0b887f494e36950be02bacf08d/confluent_kafka-2.4.0-cp311-cp311-manylinux_2_28_aarch64.whl", hash = "sha256:15d356dd1c7699ed332f262bf0aa825a177c50f7debca0f1ec14873531603b2d", size = 14214809, upload-time = "2024-05-07T16:27:07.34Z" },
    { url = "https://files.pythonhosted.org/packages/d0/fc/b080f94fba6fe9c53d01f25f89d6c09064dc20a277db8c56cc306b408d31/confluent_kafka-2.4.0-cp311-cp311-win_amd64.whl", hash = "sha256:0c1b89e1bd790dd82b64a4dd746e7a0ce3ebed7f17b0642d488c1bb0056ba763", size = 3460690, upload-time = "2024-05-07T16:27:10.719Z" },
    { url = "https://files.pythonhosted.org/packages/b2/05/6f850cfee3226ffd60209a64304de00bfc6285de41c7ba466303d31b43e0/confluent_kafka-2.4.0-cp312-cp312-macosx_10_9_x86_64.whl", hash = "sha256:a11acfd79f0448095c6492d2ea34cd3df4864d78d72326bed0859d875eb7a62d", size = 3294389, upload-time = "2024-05-07T16:27:13.73Z" },
    { url = "https://files.pythonhosted.org/packages/11/df/b43efc76536d50df78fe0d00fd8fe2c15732a0fc33bd608214664640e9ea/confluent_kafka-2.4.0-cp312-cp312-macosx_11_0_arm64.whl", hash = "sha256:dd53d58a6648e4d5e435ff5178248b91af050a4478ed51a95b2b0eaedddafdb1", size = 2831955, upload-time = "2024-05-07T16:27:16.55Z" },
    { url = "https://files.pythonhosted.org/packages/da/a6/40019d243344e12d2072365ed84caaa9e8f402a59c20ab880814b6593f26/confluent_kafka-2.4.0-cp312-cp312-manylinux_2_17_x86_64.manylinux2014_x86_64.whl", hash = "sha256:8a5e9cc9fff71c70f1520ab917f33cf66181b29c46cf9940da1af6a52cc086a6", size = 4060034, upload-time = "2024-05-07T16:27:19.008Z" },
    { url = "https://files.pythonhosted.org/packages/5d/53/143b9c5652987af63ad19c4fa2b697f6f4d5c6b0b2c15ed5c34c7c525547/confluent_kafka-2.4.0-cp312-cp312-manylinux_2_28_aarch64.whl", hash = "sha256:b0d5a2d7563b9ca9bef09668d6aae6e360f1e9455672dc0886d78d76ced682c9", size = 14221744, upload-time = "2024-05-07T16:27:23.019Z" },
    { url = "https://files.pythonhosted.org/packages/61/84/519ee6557c260f809c33a66cdc1ee87cac6d8a21b4ad19f98df5c7b7c037/confluent_kafka-2.4.0-cp312-cp312-win_amd64.whl", hash = "sha256:d09aa0c67532c47ec6cd08c50feaa8338e77d18fc83181c46e5a5cb88a5b25ce", size = 3461347, upload-time = "2024-05-07T16:27:25.649Z" },
]

[[package]]
name = "finnhub-producer"
version = "0.1.0"
source = { virtual = "." }
dependencies = [
    { name = "confluent-kafka" },
    { name = "python-dotenv" },
    { name = "websocket-client" },
]

[package.metadata]
requires-dist = [
    { name = "confluent-kafka", specifier = "==2.4.0" },
    { name = "python-dotenv", specifier = "==1.0.1" },
    { name = "websocket-client", specifier = "==1.8.0" },
]

[[package]]
name = "python-dotenv"
version = "1.0.1"
source = { registry = "https://pypi.org/simple" }
sdist = { url = "https://files.pythonhosted.org/packages/bc/57/e84d88dfe0aec03b7a2d4327012c1627ab5f03652216c63d49846d7a6c58/python-dotenv-1.0.1.tar.gz", hash = "sha256:e324ee90a023d808f1959c46bcbc04446a10ced277783dc6ee09987c37ec10ca", size = 39115, upload-time = "2024-01-23T06:33:00.505Z" }
wheels = [
    { url = "https://files.pythonhosted.org/packages/6a/3e/b68c118422ec867fa7ab88444e1274aa40681c606d59ac27de5a5588f082/python_dotenv-1.0.1-py3-none-any.whl", hash = "sha256:f7b63ef50f1b690dddf550d03497b66d609393b40b564ed0d674909a68ebf16a", size = 19863, upload-time = "2024-01-23T06:32:58.246Z" },
]

[[package]]
name = "websocket-client"
version = "1.8.0"
source = { registry = "https://pypi.org/simple" }
sdist = { url = "https://files.pythonhosted.org/packages/e6/30/fba0d96b4b5fbf5948ed3f4681f7da2f9f64512e1d303f94b4cc174c24a5/websocket_client-1.8.0.tar.gz", hash = "sha256:3239df9f44da632f96012472805d40a23281a991027ce11d2f45a6f24ac4c3da", size = 54648, upload-time = "2024-04-23T22:16:16.976Z" }
wheels = [
    { url = "https://files.pythonhosted.org/packages/5a/84/44687a29792a70e111c5c477230a72c4b957d88d16141199bf9acb7537a3/websocket_client-1.8.0-py3-none-any.whl", hash = "sha256:17b44cc997f5c498e809b22cdf2d9c7a9e71c02c8cc2b6c56e7c2d1239bfa526", size = 58826, upload-time = "2024-04-23T22:16:14.422Z" },
]
