version = 1
revision = 3
requires-python = ">=3.11"

[[package]]
name = "boto3"
version = "1.34.101"
source = { registry = "https://pypi.org/simple" }
dependencies = [
    { name = "botocore" },
    { name = "jmespath" },
    { name = "s3transfer" },
]
sdist = { url = "https://files.pythonhosted.org/packages/ed/8d/630018078458d3b05fee5f68a5a20f7f3452137c63043f29d805aa4657e0/boto3-1.34.101.tar.gz", hash = "sha256:1d854b5880e185db546b4c759fcb664bf3326275064d2b44229cc217e8be9d7e", size = 108285, upload-time = "2024-05-08T19:23:29.719Z" }
wheels = [
    { url = "https://files.pythonhosted.org/packages/b2/f3/9b7428cc79611044f6db5f8ea1113f6d0a04a7a236e9cc0642107494839a/boto3-1.34.101-py3-none-any.whl", hash = "sha256:79b93f3370ea96ce838042bc2eac0c996aee204b01e7e6452eb77abcbe697d6a", size = 139334, upload-time = "2024-05-08T19:22:51.667Z" },
]

[[package]]
name = "botocore"
version = "1.34.162"
source = { registry = "https://pypi.org/simple" }
dependencies = [
    { name = "jmespath" },
    { name = "python-dateutil" },
    { name = "urllib3" },
]
sdist = { url = "https://files.pythonhosted.org/packages/22/de/17d672eac6725da49bd5832e3bd2f74c4d212311cd393fd56b59f51a4e86/botocore-1.34.162.tar.gz", hash = "sha256:adc23be4fb99ad31961236342b7cbf3c0bfc62532cd02852196032e8c0d682f3", size = 12676693, upload-time = "2024-08-15T19:25:25.162Z" }
wheels = [
    { url = "https://files.pythonhosted.org/packages/bc/47/e35f788047c91110f48703a6254e5c84e33111b3291f7b57a653ca00accf/botocore-1.34.162-py3-none-any.whl", hash = "sha256:2d918b02db88d27a75b48275e6fb2506e9adaaddbec1ffa6a8a0898b34e769be", size = 12468049, upload-time = "2024-08-15T19:25:18.301Z" },
]

[[package]]
name = "confluent-kafka"
version = "2.4.0"
source = { registry = "https://pypi.org/simple" }
sdist = { url = "https://files.pythonhosted.org/packages/a7/ea/514e45f106979862aaba3d70098115b2aa991a456dbbc8da7c43633aeb21/confluent-kafka-2.4.0.tar.gz", hash = "sha256:201c6182304c5864c8a1b1aae2f99bf51fa332017abbec05a3a1fb2ff242c41d", size = 134820, upload-time = "2024-05-07T16:28:27.417Z" }
wheels = [
    { url = "https://files.pythonhosted.org/packages/e3/ee/47114c940f5bd35fbb8a7a9f986d69c1b20fc7a419ec6ff70ee23095b023/confluent_kafka-2.4.0-cp311-cp311-macosx_10_9_x86_64.whl", hash = "sha256:a28bf5b59f28e3357d113cc8c50ba09389dcc3327ca13cc502e9c3228f2ab5dc", size = 3293343, upload-time = "2024-05-07T16:26:58.233Z" },
    { url = "https://files.pythonhosted.org/packages/97/fa/aa27a6c798a5ef48b236e5d7c246826f40f453cb661f29923a54696334ea/confluent_kafka-2.4.0-cp311-cp311-macosx_11_0_arm64.whl", hash = "sha256:506c867d987ab78494fc94ec6a966ddcb3ce3cb75809e098060d654d280281e0", size = 2831640, upload-time = "2024-05-07T16:27:00.265Z" },
    { url = "https://files.pythonhosted.org/packages/75/5f/52a7d4422b8f63c7404847403aacb08debba8d1b48a0abbbd417ec627e02/confluent_kafka-2.4.0-cp311-cp311-manylinux_2_17_x86_64.manylinux2014_x86_64.whl", hash = "sha256:3b02cd0eb338a8dc5db0ea07243bbf457670655a3846732f81a091b8e3d5d456", size = 4052918, upload-time = "2024-05-07T16:27:04.025Z" },
    { url = "https://files.pythonhosted.org/packages/b1/a6/fdba7eb0703cb0fd2957ec76a97a4e107f0b887f494e36950be02bacf08d/confluent_kafka-2.4.0-cp311-cp311-manylinux_2_28_aarch64.whl", hash = "sha256:15d356dd1c7699ed332f262bf0aa825a177c50f7debca0f1ec14873531603b2d", size = 14214809, upload-time = "2024-05-07T16:27:07.34Z" },
    { url = "https://files.pythonhosted.org/packages/d0/fc/b080f94fba6fe9c53d01f25f89d6c09064dc20a277db8c56cc306b408d31/confluent_kafka-2.4.0-cp311-cp311-win_amd64.whl", hash = "sha256:0c1b89e1bd790dd82b64a4dd746e7a0ce3ebed7f17b0642d488c1bb0056ba763", size = 3460690, upload-time = "2024-05-07T16:27:10.719Z" },
    { url = "https://files.pythonhosted.org/packages/b2/05/6f850cfee3226ffd60209a64304de00bfc6285de41c7ba466303d31b43e0/confluent_kafka-2.4.0-cp312-cp312-macosx_10_9_x86_64.whl", hash = "sha256:a11acfd79f0448095c6492d2ea34cd3df4864d78d72326bed0859d875eb7a62d", size = 3294389, upload-time = "2024-05-07T16:27:13.73Z" },
    { url = "https://files.pythonhosted.org/packages/11/df/b43efc76536d50df78fe0d00fd8fe2c15732a0fc33bd608214664640e9ea/confluent_kafka-2.4.0-cp312-cp312-macosx_11_0_arm64.whl", hash = "sha256:dd53d58a6648e4d5e435ff5178248b91af050a4478ed51a95b2b0eaedddafdb1", size = 2831955, upload-time = "2024-05-07T16:27:16.55Z" },
    { url = "https://files.pythonhosted.org/packages/da/a6/40019d243344e12d2072365ed84caaa9e8f402a59c20ab880814b6593f26/confluent_kafka-2.4.0-cp312-cp312-manylinux_2_17_x86_64.manylinux2014_x86_64.whl", hash = "sha256:8a5e9cc9fff71c70f1520ab917f33cf66181b29c46cf9940da1af6a52cc086a6", size = 4060034, upload-time = "2024-05-07T16:27:19.008Z" },
    { url = "https://files.pythonhosted.org/packages/5d/53/143b9c5652987af63ad19c4fa2b697f6f4d5c6b0b2c15ed5c34c7c525547/confluent_kafka-2.4.0-cp312-cp312-manylinux_2_28_aarch64.whl", hash = "sha256:b0d5a2d7563b9ca9bef09668d6aae6e360f1e9455672dc0886d78d76ced682c9", size = 14221744, upload-time = "2024-05-07T16:27:23.019Z" },
    { url = "https://files.pythonhosted.org/packages/61/84/519ee6557c260f809c33a66cdc1ee87cac6d8a21b4ad19f98df5c7b7c037/confluent_kafka-2.4.0-cp312-cp312-win_amd64.whl", hash = "sha256:d09aa0c67532c47ec6cd08c50feaa8338e77d18fc83181c46e5a5cb88a5b25ce", size = 3461347, upload-time = "2024-05-07T16:27:25.649Z" },
]

[[package]]
name = "jmespath"
version = "1.1.0"
source = { registry = "https://pypi.org/simple" }
sdist = { url = "https://files.pythonhosted.org/packages/d3/59/322338183ecda247fb5d1763a6cbe46eff7222eaeebafd9fa65d4bf5cb11/jmespath-1.1.0.tar.gz", hash = "sha256:472c87d80f36026ae83c6ddd0f1d05d4e510134ed462851fd5f754c8c3cbb88d", size = 27377, upload-time = "2026-01-22T16:35:26.279Z" }
wheels = [
    { url = "https://files.pythonhosted.org/packages/14/2f/967ba146e6d58cf6a652da73885f52fc68001525b4197effc174321d70b4/jmespath-1.1.0-py3-none-any.whl", hash = "sha256:a5663118de4908c91729bea0acadca56526eb2698e83de10cd116ae0f4e97c64", size = 20419, upload-time = "2026-01-22T16:35:24.919Z" },
]

[[package]]
name = "python-dateutil"
version = "2.9.0.post0"
source = { registry = "https://pypi.org/simple" }
dependencies = [
    { name = "six" },
]
sdist = { url = "https://files.pythonhosted.org/packages/66/c0/0c8b6ad9f17a802ee498c46e004a0eb49bc148f2fd230864601a86dcf6db/python-dateutil-2.9.0.post0.tar.gz", hash = "sha256:37dd54208da7e1cd875388217d5e00ebd4179249f90fb72437e91a35459a0ad3", size = 342432, upload-time = "2024-03-01T18:36:20.211Z" }
wheels = [
    { url = "https://files.pythonhosted.org/packages/ec/57/56b9bcc3c9c6a792fcbaf139543cee77261f3651ca9da0c93f5c1221264b/python_dateutil-2.9.0.post0-py2.py3-none-any.whl", hash = "sha256:a8b2bc7bffae282281c8140a97d3aa9c14da0b136dfe83f850eea9a5f7470427", size = 229892, upload-time = "2024-03-01T18:36:18.57Z" },
]

[[package]]
name = "python-dotenv"
version = "1.0.1"
source = { registry = "https://pypi.org/simple" }
sdist = { url = "https://files.pythonhosted.org/packages/bc/57/e84d88dfe0aec03b7a2d4327012c1627ab5f03652216c63d49846d7a6c58/python-dotenv-1.0.1.tar.gz", hash = "sha256:e324ee90a023d808f1959c46bcbc04446a10ced277783dc6ee09987c37ec10ca", size = 39115, upload-time = "2024-01-23T06:33:00.505Z" }
wheels = [
    { url = "https://files.pythonhosted.org/packages/6a/3e/b68c118422ec867fa7ab88444e1274aa40681c606d59ac27de5a5588f082/python_dotenv-1.0.1-py3-none-any.whl", hash = "sha256:f7b63ef50f1b690dddf550d03497b66d609393b40b564ed0d674909a68ebf16a", size = 19863, upload-time = "2024-01-23T06:32:58.246Z" },
]

[[package]]
name = "s3-consumer"
version = "0.1.0"
source = { virtual = "." }
dependencies = [
    { name = "boto3" },
    { name = "confluent-kafka" },
    { name = "python-dotenv" },
]

[package.metadata]
requires-dist = [
    { name = "boto3", specifier = "==1.34.101" },
    { name = "confluent-kafka", specifier = "==2.4.0" },
    { name = "python-dotenv", specifier = "==1.0.1" },
]

[[package]]
name = "s3transfer"
version = "0.10.4"
source = { registry = "https://pypi.org/simple" }
dependencies = [
    { name = "botocore" },
]
sdist = { url = "https://files.pythonhosted.org/packages/c0/0a/1cdbabf9edd0ea7747efdf6c9ab4e7061b085aa7f9bfc36bb1601563b069/s3transfer-0.10.4.tar.gz", hash = "sha256:29edc09801743c21eb5ecbc617a152df41d3c287f67b615f73e5f750583666a7", size = 145287, upload-time = "2024-11-20T21:06:05.981Z" }
wheels = [
    { url = "https://files.pythonhosted.org/packages/66/05/7957af15543b8c9799209506df4660cba7afc4cf94bfb60513827e96bed6/s3transfer-0.10.4-py3-none-any.whl", hash = "sha256:244a76a24355363a68164241438de1b72f8781664920260c48465896b712a41e", size = 83175, upload-time = "2024-11-20T21:06:03.961Z" },
]

[[package]]
name = "six"
version = "1.17.0"
source = { registry = "https://pypi.org/simple" }
sdist = { url = "https://files.pythonhosted.org/packages/94/e7/b2c673351809dca68a0e064b6af791aa332cf192da575fd474ed7d6f16a2/six-1.17.0.tar.gz", hash = "sha256:ff70335d468e7eb6ec65b95b99d3a2836546063f63acc5171de367e834932a81", size = 34031, upload-time = "2024-12-04T17:35:28.174Z" }
wheels = [
    { url = "https://files.pythonhosted.org/packages/b7/ce/149a00dd41f10bc29e5921b496af8b574d8413afcd5e30dfa0ed46c2cc5e/six-1.17.0-py2.py3-none-any.whl", hash = "sha256:4721f391ed90541fddacab5acf947aa0d3dc7d27b2e1e8eda2be8970586c3274", size = 11050, upload-time = "2024-12-04T17:35:26.475Z" },
]

[[package]]
name = "urllib3"
version = "2.6.3"
source = { registry = "https://pypi.org/simple" }
sdist = { url = "https://files.pythonhosted.org/packages/c7/24/5f1b3bdffd70275f6661c76461e25f024d5a38a46f04aaca912426a2b1d3/urllib3-2.6.3.tar.gz", hash = "sha256:1b62b6884944a57dbe321509ab94fd4d3b307075e0c2eae991ac71ee15ad38ed", size = 435556, upload-time = "2026-01-07T16:24:43.925Z" }
wheels = [
    { url = "https://files.pythonhosted.org/packages/39/08/aaaad47bc4e9dc8c725e68f9d04865dbcb2052843ff09c97b08904852d84/urllib3-2.6.3-py3-none-any.whl", hash = "sha256:bf272323e553dfb2e87d9bfd225ca7b0f467b919d7bbd355436d3fd37cb0acd4", size = 131584, upload-time = "2026-01-07T16:24:42.685Z" },
]
